
Microsoft Visual Studio Solution File, Format Version 12.00
# Visual Studio 15
VisualStudioVersion = 15.0.27703.2047
MinimumVisualStudioVersion = 10.0.40219.1
Project("{FAE04EC0-301F-11D3-BF4B-00C04F79EFBC}") = "LocalFunctions", "LocalFunctions\LocalFunctions.csproj", "{78F0ACB6-39B6-4752-AD51-596E63B40087}"
EndProject
Global
	GlobalSection(SolutionConfigurationPlatforms) = preSolution
		Debug|Any CPU = Debug|Any CPU
		Release|Any CPU = Release|Any CPU
	EndGlobalSection
	GlobalSection(ProjectConfigurationPlatforms) = postSolution
		{78F0ACB6-39B6-4752-AD51-596E63B40087}.Debug|Any CPU.ActiveCfg = Debug|Any CPU
		{78F0ACB6-39B6-4752-AD51-596E63B40087}.Debug|Any CPU.Build.0 = Debug|Any CPU
		{78F0ACB6-39B6-4752-AD51-596E63B40087}.Release|Any CPU.ActiveCfg = Release|Any CPU
		{78F0ACB6-39B6-4752-AD51-596E63B40087}.Release|Any CPU.Build.0 = Release|Any CPU
	EndGlobalSection
	GlobalSection(SolutionProperties) = preSolution
		HideSolutionNode = FALSE
	EndGlobalSection
	GlobalSection(ExtensibilityGlobals) = postSolution
		SolutionGuid = {27A032EF-C7E4-477A-9665-4231D5E4FABF}
	EndGlobalSection
EndGlobal
