
Microsoft Visual Studio Solution File, Format Version 12.00
# Visual Studio 15
VisualStudioVersion = 15.0.27703.2047
MinimumVisualStudioVersion = 10.0.40219.1
Project("{FAE04EC0-301F-11D3-BF4B-00C04F79EFBC}") = "QueueCollection", "QueueCollection\QueueCollection.csproj", "{C3B12A9E-90C0-4954-BEF0-99464A8F8EDE}"
EndProject
Global
	GlobalSection(SolutionConfigurationPlatforms) = preSolution
		Debug|Any CPU = Debug|Any CPU
		Release|Any CPU = Release|Any CPU
	EndGlobalSection
	GlobalSection(ProjectConfigurationPlatforms) = postSolution
		{C3B12A9E-90C0-4954-BEF0-99464A8F8EDE}.Debug|Any CPU.ActiveCfg = Debug|Any CPU
		{C3B12A9E-90C0-4954-BEF0-99464A8F8EDE}.Debug|Any CPU.Build.0 = Debug|Any CPU
		{C3B12A9E-90C0-4954-BEF0-99464A8F8EDE}.Release|Any CPU.ActiveCfg = Release|Any CPU
		{C3B12A9E-90C0-4954-BEF0-99464A8F8EDE}.Release|Any CPU.Build.0 = Release|Any CPU
	EndGlobalSection
	GlobalSection(SolutionProperties) = preSolution
		HideSolutionNode = FALSE
	EndGlobalSection
	GlobalSection(ExtensibilityGlobals) = postSolution
		SolutionGuid = {D533DDAE-7A61-4929-BCC3-8688F97C7815}
	EndGlobalSection
EndGlobal
