
Microsoft Visual Studio Solution File, Format Version 12.00
# Visual Studio Version 16
VisualStudioVersion = 16.0.30804.86
MinimumVisualStudioVersion = 10.0.40219.1
Project("{FAE04EC0-301F-11D3-BF4B-00C04F79EFBC}") = "SerializingXML", "SerializingXML\SerializingXML.csproj", "{BD47CD59-3E24-4FE6-BAA2-C2EA2F45AD96}"
EndProject
Global
	GlobalSection(SolutionConfigurationPlatforms) = preSolution
		Debug|Any CPU = Debug|Any CPU
		Release|Any CPU = Release|Any CPU
	EndGlobalSection
	GlobalSection(ProjectConfigurationPlatforms) = postSolution
		{BD47CD59-3E24-4FE6-BAA2-C2EA2F45AD96}.Debug|Any CPU.ActiveCfg = Debug|Any CPU
		{BD47CD59-3E24-4FE6-BAA2-C2EA2F45AD96}.Debug|Any CPU.Build.0 = Debug|Any CPU
		{BD47CD59-3E24-4FE6-BAA2-C2EA2F45AD96}.Release|Any CPU.ActiveCfg = Release|Any CPU
		{BD47CD59-3E24-4FE6-BAA2-C2EA2F45AD96}.Release|Any CPU.Build.0 = Release|Any CPU
	EndGlobalSection
	GlobalSection(SolutionProperties) = preSolution
		HideSolutionNode = FALSE
	EndGlobalSection
	GlobalSection(ExtensibilityGlobals) = postSolution
		SolutionGuid = {281BD119-82F3-4914-B167-4CBF5F0D3183}
	EndGlobalSection
EndGlobal
