
Microsoft Visual Studio Solution File, Format Version 12.00
# Visual Studio 15
VisualStudioVersion = 15.0.27703.2047
MinimumVisualStudioVersion = 10.0.40219.1
Project("{FAE04EC0-301F-11D3-BF4B-00C04F79EFBC}") = "Array", "Array\Array.csproj", "{27458EFC-DD87-4810-BD95-6E31B9A951F3}"
EndProject
Global
	GlobalSection(SolutionConfigurationPlatforms) = preSolution
		Debug|Any CPU = Debug|Any CPU
		Release|Any CPU = Release|Any CPU
	EndGlobalSection
	GlobalSection(ProjectConfigurationPlatforms) = postSolution
		{27458EFC-DD87-4810-BD95-6E31B9A951F3}.Debug|Any CPU.ActiveCfg = Debug|Any CPU
		{27458EFC-DD87-4810-BD95-6E31B9A951F3}.Debug|Any CPU.Build.0 = Debug|Any CPU
		{27458EFC-DD87-4810-BD95-6E31B9A951F3}.Release|Any CPU.ActiveCfg = Release|Any CPU
		{27458EFC-DD87-4810-BD95-6E31B9A951F3}.Release|Any CPU.Build.0 = Release|Any CPU
	EndGlobalSection
	GlobalSection(SolutionProperties) = preSolution
		HideSolutionNode = FALSE
	EndGlobalSection
	GlobalSection(ExtensibilityGlobals) = postSolution
		SolutionGuid = {FE44D7A0-3636-43F7-A520-5FB3A4A28254}
	EndGlobalSection
EndGlobal
