
Microsoft Visual Studio Solution File, Format Version 12.00
# Visual Studio Version 16
VisualStudioVersion = 16.0.30717.126
MinimumVisualStudioVersion = 10.0.40219.1
Project("{FAE04EC0-301F-11D3-BF4B-00C04F79EFBC}") = "IntroductionToThread", "IntroductionToThread\IntroductionToThread.csproj", "{F779728B-4851-4405-B9F3-C0D5456A6ACF}"
EndProject
Global
	GlobalSection(SolutionConfigurationPlatforms) = preSolution
		Debug|Any CPU = Debug|Any CPU
		Release|Any CPU = Release|Any CPU
	EndGlobalSection
	GlobalSection(ProjectConfigurationPlatforms) = postSolution
		{F779728B-4851-4405-B9F3-C0D5456A6ACF}.Debug|Any CPU.ActiveCfg = Debug|Any CPU
		{F779728B-4851-4405-B9F3-C0D5456A6ACF}.Debug|Any CPU.Build.0 = Debug|Any CPU
		{F779728B-4851-4405-B9F3-C0D5456A6ACF}.Release|Any CPU.ActiveCfg = Release|Any CPU
		{F779728B-4851-4405-B9F3-C0D5456A6ACF}.Release|Any CPU.Build.0 = Release|Any CPU
	EndGlobalSection
	GlobalSection(SolutionProperties) = preSolution
		HideSolutionNode = FALSE
	EndGlobalSection
	GlobalSection(ExtensibilityGlobals) = postSolution
		SolutionGuid = {E0F6A772-10E9-4676-B8E7-1B47D406C49D}
	EndGlobalSection
EndGlobal
