
Microsoft Visual Studio Solution File, Format Version 12.00
# Visual Studio 15
VisualStudioVersion = 15.0.27703.2047
MinimumVisualStudioVersion = 10.0.40219.1
Project("{FAE04EC0-301F-11D3-BF4B-00C04F79EFBC}") = "FunctionOverloading", "FunctionOverloading\FunctionOverloading.csproj", "{60E6E847-2877-4ED6-90D6-193C8F7982FF}"
EndProject
Global
	GlobalSection(SolutionConfigurationPlatforms) = preSolution
		Debug|Any CPU = Debug|Any CPU
		Release|Any CPU = Release|Any CPU
	EndGlobalSection
	GlobalSection(ProjectConfigurationPlatforms) = postSolution
		{60E6E847-2877-4ED6-90D6-193C8F7982FF}.Debug|Any CPU.ActiveCfg = Debug|Any CPU
		{60E6E847-2877-4ED6-90D6-193C8F7982FF}.Debug|Any CPU.Build.0 = Debug|Any CPU
		{60E6E847-2877-4ED6-90D6-193C8F7982FF}.Release|Any CPU.ActiveCfg = Release|Any CPU
		{60E6E847-2877-4ED6-90D6-193C8F7982FF}.Release|Any CPU.Build.0 = Release|Any CPU
	EndGlobalSection
	GlobalSection(SolutionProperties) = preSolution
		HideSolutionNode = FALSE
	EndGlobalSection
	GlobalSection(ExtensibilityGlobals) = postSolution
		SolutionGuid = {BE8B202A-58D9-4CEE-9732-3C5CEAD23DC0}
	EndGlobalSection
EndGlobal
