
Microsoft Visual Studio Solution File, Format Version 12.00
# Visual Studio 15
VisualStudioVersion = 15.0.27703.2047
MinimumVisualStudioVersion = 10.0.40219.1
Project("{FAE04EC0-301F-11D3-BF4B-00C04F79EFBC}") = "GlobalAndLocalVariable", "GlobalAndLocalVariable\GlobalAndLocalVariable.csproj", "{AD5AFDD4-4A73-4649-8234-49E8DC4F0DDB}"
EndProject
Global
	GlobalSection(SolutionConfigurationPlatforms) = preSolution
		Debug|Any CPU = Debug|Any CPU
		Release|Any CPU = Release|Any CPU
	EndGlobalSection
	GlobalSection(ProjectConfigurationPlatforms) = postSolution
		{AD5AFDD4-4A73-4649-8234-49E8DC4F0DDB}.Debug|Any CPU.ActiveCfg = Debug|Any CPU
		{AD5AFDD4-4A73-4649-8234-49E8DC4F0DDB}.Debug|Any CPU.Build.0 = Debug|Any CPU
		{AD5AFDD4-4A73-4649-8234-49E8DC4F0DDB}.Release|Any CPU.ActiveCfg = Release|Any CPU
		{AD5AFDD4-4A73-4649-8234-49E8DC4F0DDB}.Release|Any CPU.Build.0 = Release|Any CPU
	EndGlobalSection
	GlobalSection(SolutionProperties) = preSolution
		HideSolutionNode = FALSE
	EndGlobalSection
	GlobalSection(ExtensibilityGlobals) = postSolution
		SolutionGuid = {FD1917B3-FBD7-46AF-AD69-6242EFE2DF43}
	EndGlobalSection
EndGlobal
