
Microsoft Visual Studio Solution File, Format Version 12.00
# Visual Studio 15
VisualStudioVersion = 15.0.27703.2047
MinimumVisualStudioVersion = 10.0.40219.1
Project("{FAE04EC0-301F-11D3-BF4B-00C04F79EFBC}") = "Enumeration", "Enumeration\Enumeration.csproj", "{3A30D2B0-C952-46B1-9C36-AD27475B2D99}"
EndProject
Global
	GlobalSection(SolutionConfigurationPlatforms) = preSolution
		Debug|Any CPU = Debug|Any CPU
		Release|Any CPU = Release|Any CPU
	EndGlobalSection
	GlobalSection(ProjectConfigurationPlatforms) = postSolution
		{3A30D2B0-C952-46B1-9C36-AD27475B2D99}.Debug|Any CPU.ActiveCfg = Debug|Any CPU
		{3A30D2B0-C952-46B1-9C36-AD27475B2D99}.Debug|Any CPU.Build.0 = Debug|Any CPU
		{3A30D2B0-C952-46B1-9C36-AD27475B2D99}.Release|Any CPU.ActiveCfg = Release|Any CPU
		{3A30D2B0-C952-46B1-9C36-AD27475B2D99}.Release|Any CPU.Build.0 = Release|Any CPU
	EndGlobalSection
	GlobalSection(SolutionProperties) = preSolution
		HideSolutionNode = FALSE
	EndGlobalSection
	GlobalSection(ExtensibilityGlobals) = postSolution
		SolutionGuid = {AC2FF00F-9A22-4720-8F00-3994B09E61A4}
	EndGlobalSection
EndGlobal
