
Microsoft Visual Studio Solution File, Format Version 12.00
# Visual Studio Version 16
VisualStudioVersion = 16.0.31005.135
MinimumVisualStudioVersion = 10.0.40219.1
Project("{FAE04EC0-301F-11D3-BF4B-00C04F79EFBC}") = "PrototypeDesignPattern", "PrototypeDesignPattern\PrototypeDesignPattern.csproj", "{5DCD2602-3AD3-4E49-8DDC-B94E1BEE9B0E}"
EndProject
Global
	GlobalSection(SolutionConfigurationPlatforms) = preSolution
		Debug|Any CPU = Debug|Any CPU
		Release|Any CPU = Release|Any CPU
	EndGlobalSection
	GlobalSection(ProjectConfigurationPlatforms) = postSolution
		{5DCD2602-3AD3-4E49-8DDC-B94E1BEE9B0E}.Debug|Any CPU.ActiveCfg = Debug|Any CPU
		{5DCD2602-3AD3-4E49-8DDC-B94E1BEE9B0E}.Debug|Any CPU.Build.0 = Debug|Any CPU
		{5DCD2602-3AD3-4E49-8DDC-B94E1BEE9B0E}.Release|Any CPU.ActiveCfg = Release|Any CPU
		{5DCD2602-3AD3-4E49-8DDC-B94E1BEE9B0E}.Release|Any CPU.Build.0 = Release|Any CPU
	EndGlobalSection
	GlobalSection(SolutionProperties) = preSolution
		HideSolutionNode = FALSE
	EndGlobalSection
	GlobalSection(ExtensibilityGlobals) = postSolution
		SolutionGuid = {09E18EE4-88A7-4FFD-B0A4-1BB032CFB495}
	EndGlobalSection
EndGlobal
