
Microsoft Visual Studio Solution File, Format Version 12.00
# Visual Studio 15
VisualStudioVersion = 15.0.27703.2047
MinimumVisualStudioVersion = 10.0.40219.1
Project("{FAE04EC0-301F-11D3-BF4B-00C04F79EFBC}") = "Encapsulation", "Encapsulation\Encapsulation.csproj", "{AEEF0ED6-36E9-46E7-B50A-B4759E381706}"
EndProject
Project("{FAE04EC0-301F-11D3-BF4B-00C04F79EFBC}") = "External", "External\External.csproj", "{6813E246-B834-47FD-8EA9-036A1F56E521}"
EndProject
Global
	GlobalSection(SolutionConfigurationPlatforms) = preSolution
		Debug|Any CPU = Debug|Any CPU
		Release|Any CPU = Release|Any CPU
	EndGlobalSection
	GlobalSection(ProjectConfigurationPlatforms) = postSolution
		{AEEF0ED6-36E9-46E7-B50A-B4759E381706}.Debug|Any CPU.ActiveCfg = Debug|Any CPU
		{AEEF0ED6-36E9-46E7-B50A-B4759E381706}.Debug|Any CPU.Build.0 = Debug|Any CPU
		{AEEF0ED6-36E9-46E7-B50A-B4759E381706}.Release|Any CPU.ActiveCfg = Release|Any CPU
		{AEEF0ED6-36E9-46E7-B50A-B4759E381706}.Release|Any CPU.Build.0 = Release|Any CPU
		{6813E246-B834-47FD-8EA9-036A1F56E521}.Debug|Any CPU.ActiveCfg = Debug|Any CPU
		{6813E246-B834-47FD-8EA9-036A1F56E521}.Debug|Any CPU.Build.0 = Debug|Any CPU
		{6813E246-B834-47FD-8EA9-036A1F56E521}.Release|Any CPU.ActiveCfg = Release|Any CPU
		{6813E246-B834-47FD-8EA9-036A1F56E521}.Release|Any CPU.Build.0 = Release|Any CPU
	EndGlobalSection
	GlobalSection(SolutionProperties) = preSolution
		HideSolutionNode = FALSE
	EndGlobalSection
	GlobalSection(ExtensibilityGlobals) = postSolution
		SolutionGuid = {6133C5E7-1F39-4CAC-8F2D-A68703ECF0B4}
	EndGlobalSection
EndGlobal
