
Microsoft Visual Studio Solution File, Format Version 12.00
# Visual Studio Version 16
VisualStudioVersion = 16.0.31005.135
MinimumVisualStudioVersion = 10.0.40219.1
Project("{FAE04EC0-301F-11D3-BF4B-00C04F79EFBC}") = "ProxyDesignPattern", "ProxyDesignPattern\ProxyDesignPattern.csproj", "{3C7D1838-D53F-4981-BF2D-0F8427BE9701}"
EndProject
Global
	GlobalSection(SolutionConfigurationPlatforms) = preSolution
		Debug|Any CPU = Debug|Any CPU
		Release|Any CPU = Release|Any CPU
	EndGlobalSection
	GlobalSection(ProjectConfigurationPlatforms) = postSolution
		{3C7D1838-D53F-4981-BF2D-0F8427BE9701}.Debug|Any CPU.ActiveCfg = Debug|Any CPU
		{3C7D1838-D53F-4981-BF2D-0F8427BE9701}.Debug|Any CPU.Build.0 = Debug|Any CPU
		{3C7D1838-D53F-4981-BF2D-0F8427BE9701}.Release|Any CPU.ActiveCfg = Release|Any CPU
		{3C7D1838-D53F-4981-BF2D-0F8427BE9701}.Release|Any CPU.Build.0 = Release|Any CPU
	EndGlobalSection
	GlobalSection(SolutionProperties) = preSolution
		HideSolutionNode = FALSE
	EndGlobalSection
	GlobalSection(ExtensibilityGlobals) = postSolution
		SolutionGuid = {2758BBEE-0B4F-40F2-B16C-DFB7E6806422}
	EndGlobalSection
EndGlobal
