
Microsoft Visual Studio Solution File, Format Version 12.00
# Visual Studio Version 16
VisualStudioVersion = 16.0.31005.135
MinimumVisualStudioVersion = 10.0.40219.1
Project("{FAE04EC0-301F-11D3-BF4B-00C04F79EFBC}") = "VisitorDesignPattern", "VisitorDesignPattern\VisitorDesignPattern.csproj", "{3AB6F9BE-B70A-4624-BC33-0107117EC15E}"
EndProject
Global
	GlobalSection(SolutionConfigurationPlatforms) = preSolution
		Debug|Any CPU = Debug|Any CPU
		Release|Any CPU = Release|Any CPU
	EndGlobalSection
	GlobalSection(ProjectConfigurationPlatforms) = postSolution
		{3AB6F9BE-B70A-4624-BC33-0107117EC15E}.Debug|Any CPU.ActiveCfg = Debug|Any CPU
		{3AB6F9BE-B70A-4624-BC33-0107117EC15E}.Debug|Any CPU.Build.0 = Debug|Any CPU
		{3AB6F9BE-B70A-4624-BC33-0107117EC15E}.Release|Any CPU.ActiveCfg = Release|Any CPU
		{3AB6F9BE-B70A-4624-BC33-0107117EC15E}.Release|Any CPU.Build.0 = Release|Any CPU
	EndGlobalSection
	GlobalSection(SolutionProperties) = preSolution
		HideSolutionNode = FALSE
	EndGlobalSection
	GlobalSection(ExtensibilityGlobals) = postSolution
		SolutionGuid = {92589AF0-C06E-4B02-BE04-DEC39F415BCD}
	EndGlobalSection
EndGlobal
