
Microsoft Visual Studio Solution File, Format Version 12.00
# Visual Studio Version 16
VisualStudioVersion = 16.0.31005.135
MinimumVisualStudioVersion = 10.0.40219.1
Project("{FAE04EC0-301F-11D3-BF4B-00C04F79EFBC}") = "GenericTemplate", "GenericTemplate\GenericTemplate.csproj", "{3C084BEA-37B4-40B7-A5D0-5AF5030823D3}"
EndProject
Project("{FAE04EC0-301F-11D3-BF4B-00C04F79EFBC}") = "ClassLibrary", "ClassLibrary\ClassLibrary.csproj", "{D2B56DA6-70A0-471E-A9A2-F3AFCDBA2CA7}"
EndProject
Global
	GlobalSection(SolutionConfigurationPlatforms) = preSolution
		Debug|Any CPU = Debug|Any CPU
		Release|Any CPU = Release|Any CPU
	EndGlobalSection
	GlobalSection(ProjectConfigurationPlatforms) = postSolution
		{3C084BEA-37B4-40B7-A5D0-5AF5030823D3}.Debug|Any CPU.ActiveCfg = Debug|Any CPU
		{3C084BEA-37B4-40B7-A5D0-5AF5030823D3}.Debug|Any CPU.Build.0 = Debug|Any CPU
		{3C084BEA-37B4-40B7-A5D0-5AF5030823D3}.Release|Any CPU.ActiveCfg = Release|Any CPU
		{3C084BEA-37B4-40B7-A5D0-5AF5030823D3}.Release|Any CPU.Build.0 = Release|Any CPU
		{D2B56DA6-70A0-471E-A9A2-F3AFCDBA2CA7}.Debug|Any CPU.ActiveCfg = Debug|Any CPU
		{D2B56DA6-70A0-471E-A9A2-F3AFCDBA2CA7}.Debug|Any CPU.Build.0 = Debug|Any CPU
		{D2B56DA6-70A0-471E-A9A2-F3AFCDBA2CA7}.Release|Any CPU.ActiveCfg = Release|Any CPU
		{D2B56DA6-70A0-471E-A9A2-F3AFCDBA2CA7}.Release|Any CPU.Build.0 = Release|Any CPU
	EndGlobalSection
	GlobalSection(SolutionProperties) = preSolution
		HideSolutionNode = FALSE
	EndGlobalSection
	GlobalSection(ExtensibilityGlobals) = postSolution
		SolutionGuid = {91528CFF-4F6A-44AC-A930-0B7B7F99010A}
	EndGlobalSection
EndGlobal
