
Microsoft Visual Studio Solution File, Format Version 12.00
# Visual Studio Version 16
VisualStudioVersion = 16.0.31005.135
MinimumVisualStudioVersion = 10.0.40219.1
Project("{FAE04EC0-301F-11D3-BF4B-00C04F79EFBC}") = "AbstractFactoryDesignPattern", "AbstractFactoryDesignPattern\AbstractFactoryDesignPattern.csproj", "{C9E76C5E-8927-40E1-844A-27F6E97FFE58}"
EndProject
Global
	GlobalSection(SolutionConfigurationPlatforms) = preSolution
		Debug|Any CPU = Debug|Any CPU
		Release|Any CPU = Release|Any CPU
	EndGlobalSection
	GlobalSection(ProjectConfigurationPlatforms) = postSolution
		{C9E76C5E-8927-40E1-844A-27F6E97FFE58}.Debug|Any CPU.ActiveCfg = Debug|Any CPU
		{C9E76C5E-8927-40E1-844A-27F6E97FFE58}.Debug|Any CPU.Build.0 = Debug|Any CPU
		{C9E76C5E-8927-40E1-844A-27F6E97FFE58}.Release|Any CPU.ActiveCfg = Release|Any CPU
		{C9E76C5E-8927-40E1-844A-27F6E97FFE58}.Release|Any CPU.Build.0 = Release|Any CPU
	EndGlobalSection
	GlobalSection(SolutionProperties) = preSolution
		HideSolutionNode = FALSE
	EndGlobalSection
	GlobalSection(ExtensibilityGlobals) = postSolution
		SolutionGuid = {FF5AB151-D19B-4472-B705-9B8369A4668D}
	EndGlobalSection
EndGlobal
